
Microsoft Visual Studio Solution File, Format Version 12.00
# Visual Studio Version 17
VisualStudioVersion = 17.8.34330.188
MinimumVisualStudioVersion = 10.0.40219.1
Project("{FAE04EC0-301F-11D3-BF4B-00C04F79EFBC}") = "Ex15", "Ex15.csproj", "{54128BD0-E255-4671-8FFD-FD1AFF8A56AC}"
EndProject
Global
	GlobalSection(SolutionConfigurationPlatforms) = preSolution
		Debug|Any CPU = Debug|Any CPU
		Release|Any CPU = Release|Any CPU
	EndGlobalSection
	GlobalSection(ProjectConfigurationPlatforms) = postSolution
		{54128BD0-E255-4671-8FFD-FD1AFF8A56AC}.Debug|Any CPU.ActiveCfg = Debug|Any CPU
		{54128BD0-E255-4671-8FFD-FD1AFF8A56AC}.Debug|Any CPU.Build.0 = Debug|Any CPU
		{54128BD0-E255-4671-8FFD-FD1AFF8A56AC}.Release|Any CPU.ActiveCfg = Release|Any CPU
		{54128BD0-E255-4671-8FFD-FD1AFF8A56AC}.Release|Any CPU.Build.0 = Release|Any CPU
	EndGlobalSection
	GlobalSection(SolutionProperties) = preSolution
		HideSolutionNode = FALSE
	EndGlobalSection
	GlobalSection(ExtensibilityGlobals) = postSolution
		SolutionGuid = {DAD60169-16A3-4DFF-A8E9-3ACEE49625A1}
	EndGlobalSection
EndGlobal
