
Microsoft Visual Studio Solution File, Format Version 12.00
# Visual Studio Version 17
VisualStudioVersion = 17.8.34330.188
MinimumVisualStudioVersion = 10.0.40219.1
Project("{FAE04EC0-301F-11D3-BF4B-00C04F79EFBC}") = "Ex20", "Ex20.csproj", "{A91E79F8-DAAD-435E-8912-FD34E00D8877}"
EndProject
Global
	GlobalSection(SolutionConfigurationPlatforms) = preSolution
		Debug|Any CPU = Debug|Any CPU
		Release|Any CPU = Release|Any CPU
	EndGlobalSection
	GlobalSection(ProjectConfigurationPlatforms) = postSolution
		{A91E79F8-DAAD-435E-8912-FD34E00D8877}.Debug|Any CPU.ActiveCfg = Debug|Any CPU
		{A91E79F8-DAAD-435E-8912-FD34E00D8877}.Debug|Any CPU.Build.0 = Debug|Any CPU
		{A91E79F8-DAAD-435E-8912-FD34E00D8877}.Release|Any CPU.ActiveCfg = Release|Any CPU
		{A91E79F8-DAAD-435E-8912-FD34E00D8877}.Release|Any CPU.Build.0 = Release|Any CPU
	EndGlobalSection
	GlobalSection(SolutionProperties) = preSolution
		HideSolutionNode = FALSE
	EndGlobalSection
	GlobalSection(ExtensibilityGlobals) = postSolution
		SolutionGuid = {E6E9B60D-8359-4B24-A692-B60276C3EE08}
	EndGlobalSection
EndGlobal
