
Microsoft Visual Studio Solution File, Format Version 12.00
# Visual Studio Version 17
VisualStudioVersion = 17.8.34330.188
MinimumVisualStudioVersion = 10.0.40219.1
Project("{FAE04EC0-301F-11D3-BF4B-00C04F79EFBC}") = "Ex28", "Ex28.csproj", "{D4FFB6F7-2581-4BA7-ACCA-869D49882274}"
EndProject
Global
	GlobalSection(SolutionConfigurationPlatforms) = preSolution
		Debug|Any CPU = Debug|Any CPU
		Release|Any CPU = Release|Any CPU
	EndGlobalSection
	GlobalSection(ProjectConfigurationPlatforms) = postSolution
		{D4FFB6F7-2581-4BA7-ACCA-869D49882274}.Debug|Any CPU.ActiveCfg = Debug|Any CPU
		{D4FFB6F7-2581-4BA7-ACCA-869D49882274}.Debug|Any CPU.Build.0 = Debug|Any CPU
		{D4FFB6F7-2581-4BA7-ACCA-869D49882274}.Release|Any CPU.ActiveCfg = Release|Any CPU
		{D4FFB6F7-2581-4BA7-ACCA-869D49882274}.Release|Any CPU.Build.0 = Release|Any CPU
	EndGlobalSection
	GlobalSection(SolutionProperties) = preSolution
		HideSolutionNode = FALSE
	EndGlobalSection
	GlobalSection(ExtensibilityGlobals) = postSolution
		SolutionGuid = {C99A3BCF-4054-460F-84D8-02901A6A7476}
	EndGlobalSection
EndGlobal
