
Microsoft Visual Studio Solution File, Format Version 12.00
# Visual Studio Version 17
VisualStudioVersion = 17.8.34330.188
MinimumVisualStudioVersion = 10.0.40219.1
Project("{FAE04EC0-301F-11D3-BF4B-00C04F79EFBC}") = "Ex11", "Ex11.csproj", "{2D8D50EF-9D5C-4E33-B38B-352171AC2EEE}"
EndProject
Global
	GlobalSection(SolutionConfigurationPlatforms) = preSolution
		Debug|Any CPU = Debug|Any CPU
		Release|Any CPU = Release|Any CPU
	EndGlobalSection
	GlobalSection(ProjectConfigurationPlatforms) = postSolution
		{2D8D50EF-9D5C-4E33-B38B-352171AC2EEE}.Debug|Any CPU.ActiveCfg = Debug|Any CPU
		{2D8D50EF-9D5C-4E33-B38B-352171AC2EEE}.Debug|Any CPU.Build.0 = Debug|Any CPU
		{2D8D50EF-9D5C-4E33-B38B-352171AC2EEE}.Release|Any CPU.ActiveCfg = Release|Any CPU
		{2D8D50EF-9D5C-4E33-B38B-352171AC2EEE}.Release|Any CPU.Build.0 = Release|Any CPU
	EndGlobalSection
	GlobalSection(SolutionProperties) = preSolution
		HideSolutionNode = FALSE
	EndGlobalSection
	GlobalSection(ExtensibilityGlobals) = postSolution
		SolutionGuid = {5128A9C6-144A-4E51-A85C-0F632E60FF4C}
	EndGlobalSection
EndGlobal
