
Microsoft Visual Studio Solution File, Format Version 12.00
# Visual Studio Version 17
VisualStudioVersion = 17.8.34330.188
MinimumVisualStudioVersion = 10.0.40219.1
Project("{FAE04EC0-301F-11D3-BF4B-00C04F79EFBC}") = "Ex13", "Ex13.csproj", "{28A60144-5C49-4570-866A-EA0B0CE706B3}"
EndProject
Global
	GlobalSection(SolutionConfigurationPlatforms) = preSolution
		Debug|Any CPU = Debug|Any CPU
		Release|Any CPU = Release|Any CPU
	EndGlobalSection
	GlobalSection(ProjectConfigurationPlatforms) = postSolution
		{28A60144-5C49-4570-866A-EA0B0CE706B3}.Debug|Any CPU.ActiveCfg = Debug|Any CPU
		{28A60144-5C49-4570-866A-EA0B0CE706B3}.Debug|Any CPU.Build.0 = Debug|Any CPU
		{28A60144-5C49-4570-866A-EA0B0CE706B3}.Release|Any CPU.ActiveCfg = Release|Any CPU
		{28A60144-5C49-4570-866A-EA0B0CE706B3}.Release|Any CPU.Build.0 = Release|Any CPU
	EndGlobalSection
	GlobalSection(SolutionProperties) = preSolution
		HideSolutionNode = FALSE
	EndGlobalSection
	GlobalSection(ExtensibilityGlobals) = postSolution
		SolutionGuid = {345C3221-F2F8-40F1-BEE1-6B0EB83A28D5}
	EndGlobalSection
EndGlobal
